<?xml version="1.0" encoding="utf-8"?>
<Project ToolsVersion="4.0" xmlns="http://schemas.microsoft.com/developer/msbuild/2003">
  <ItemGroup>
    <Filter Include="Source Files">
      <UniqueIdentifier>{4FC737F1-C7A5-4376-A066-2A32D752A2FF}</UniqueIdentifier>
      <Extensions>cpp;c;cc;cxx;c++;def;odl;idl;hpj;bat;asm;asmx</Extensions>
    </Filter>
    <Filter Include="Header Files">
      <UniqueIdentifier>{93995380-89BD-4b04-88EB-625FBE52EBFB}</UniqueIdentifier>
      <Extensions>h;hh;hpp;hxx;h++;hm;inl;inc;ipp;xsd</Extensions>
    </Filter>
    <Filter Include="Math">
      <UniqueIdentifier>{85be9ae1-622c-405c-a268-3fa3823769e6}</UniqueIdentifier>
    </Filter>
    <Filter Include="Graphics">
      <UniqueIdentifier>{c8568583-5b38-4e74-9f5f-71c91cc7719e}</UniqueIdentifier>
    </Filter>
    <Filter Include="Core">
      <UniqueIdentifier>{befb4f98-2c4e-4879-81a7-075acbac6cc9}</UniqueIdentifier>
    </Filter>
    <Filter Include="Resources">
      <UniqueIdentifier>{7566070d-d6fc-4904-b2f3-0ddd8497411a}</UniqueIdentifier>
    </Filter>
    <Filter Include="Input">
      <UniqueIdentifier>{548ad3cd-1a82-41fb-aeda-993b2b051ba8}</UniqueIdentifier>
    </Filter>
    <Filter Include="Objects">
      <UniqueIdentifier>{711c45c8-0123-4b4b-9e82-5fbd2b196948}</UniqueIdentifier>
    </Filter>
    <Filter Include="Components">
      <UniqueIdentifier>{96977102-ac45-4927-b5d1-a1889692d091}</UniqueIdentifier>
    </Filter>
    <Filter Include="Physics">
      <UniqueIdentifier>{290f596e-cac0-4ec8-a82a-333f89ee309c}</UniqueIdentifier>
    </Filter>
    <Filter Include="Audio">
      <UniqueIdentifier>{b98b4072-5456-4382-90c6-b52f70c46883}</UniqueIdentifier>
    </Filter>
  </ItemGroup>
  <ItemGroup>
    <ClInclude Include="framework.h">
      <Filter>Header Files</Filter>
    </ClInclude>
    <ClInclude Include="pch.h">
      <Filter>Header Files</Filter>
    </ClInclude>
    <ClInclude Include="Math\Color.h">
      <Filter>Math</Filter>
    </ClInclude>
    <ClInclude Include="Math\Matrix22.h">
      <Filter>Math</Filter>
    </ClInclude>
    <ClInclude Include="Math\Matrix33.h">
      <Filter>Math</Filter>
    </ClInclude>
    <ClInclude Include="Math\MyOwnMath.h">
      <Filter>Math</Filter>
    </ClInclude>
    <ClInclude Include="Math\Random.h">
      <Filter>Math</Filter>
    </ClInclude>
    <ClInclude Include="Math\Transform.h">
      <Filter>Math</Filter>
    </ClInclude>
    <ClInclude Include="Math\Vector2.h">
      <Filter>Math</Filter>
    </ClInclude>
    <ClInclude Include="Graphics\Texture.h">
      <Filter>Graphics</Filter>
    </ClInclude>
    <ClInclude Include="Core\System.h">
      <Filter>Core</Filter>
    </ClInclude>
    <ClInclude Include="Resources\Resource.h">
      <Filter>Resources</Filter>
    </ClInclude>
    <ClInclude Include="Resources\ResourceManager.h">
      <Filter>Resources</Filter>
    </ClInclude>
    <ClInclude Include="Graphics\Renderer.h">
      <Filter>Graphics</Filter>
    </ClInclude>
    <ClInclude Include="Input\InputSystem.h">
      <Filter>Input</Filter>
    </ClInclude>
    <ClInclude Include="Core\Timer.h">
      <Filter>Core</Filter>
    </ClInclude>
    <ClInclude Include="Objects\Object.h">
      <Filter>Objects</Filter>
    </ClInclude>
    <ClInclude Include="Objects\GameObject.h">
      <Filter>Objects</Filter>
    </ClInclude>
    <ClInclude Include="Components\Component.h">
      <Filter>Components</Filter>
    </ClInclude>
    <ClInclude Include="Components\PhysicsComponent.h">
      <Filter>Components</Filter>
    </ClInclude>
    <ClInclude Include="Components\RenderComponent.h">
      <Filter>Components</Filter>
    </ClInclude>
    <ClInclude Include="Engine.h">
      <Filter>Header Files</Filter>
    </ClInclude>
    <ClInclude Include="Components\SpriteComponent.h">
      <Filter>Components</Filter>
    </ClInclude>
    <ClInclude Include="Core\Json.h">
      <Filter>Core</Filter>
    </ClInclude>
    <ClInclude Include="Core\Assert.h">
      <Filter>Core</Filter>
    </ClInclude>
    <ClInclude Include="Core\Factory.h">
      <Filter>Core</Filter>
    </ClInclude>
    <ClInclude Include="Core\Singleton.h">
      <Filter>Core</Filter>
    </ClInclude>
    <ClInclude Include="Objects\ObjectFactory.h">
      <Filter>Objects</Filter>
    </ClInclude>
    <ClInclude Include="Objects\Scene.h">
      <Filter>Objects</Filter>
    </ClInclude>
    <ClInclude Include="Components\SpriteAnimationComponent.h">
      <Filter>Components</Filter>
    </ClInclude>
    <ClInclude Include="Physics\PhysicsSystem.h">
      <Filter>Physics</Filter>
    </ClInclude>
    <ClInclude Include="Components\RigidBodyComponent.h">
      <Filter>Components</Filter>
    </ClInclude>
    <ClInclude Include="Physics\ContactListener.h">
      <Filter>Physics</Filter>
    </ClInclude>
    <ClInclude Include="Audio\AudioSystem.h">
      <Filter>Audio</Filter>
    </ClInclude>
    <ClInclude Include="Audio\AudioChannel.h">
      <Filter>Audio</Filter>
    </ClInclude>
    <ClInclude Include="Audio\Sound.h">
      <Filter>Audio</Filter>
    </ClInclude>
    <ClInclude Include="Components\AudioComponent.h">
      <Filter>Components</Filter>
    </ClInclude>
  </ItemGroup>
  <ItemGroup>
    <ClCompile Include="pch.cpp">
      <Filter>Source Files</Filter>
    </ClCompile>
    <ClCompile Include="Math\Color.cpp">
      <Filter>Math</Filter>
    </ClCompile>
    <ClCompile Include="Math\Transform.cpp">
      <Filter>Math</Filter>
    </ClCompile>
    <ClCompile Include="Math\Vector2.cpp">
      <Filter>Math</Filter>
    </ClCompile>
    <ClCompile Include="Graphics\Texture.cpp">
      <Filter>Graphics</Filter>
    </ClCompile>
    <ClCompile Include="Resources\ResourceManager.cpp">
      <Filter>Resources</Filter>
    </ClCompile>
    <ClCompile Include="Graphics\Renderer.cpp">
      <Filter>Graphics</Filter>
    </ClCompile>
    <ClCompile Include="Input\InputSystem.cpp">
      <Filter>Input</Filter>
    </ClCompile>
    <ClCompile Include="Core\Timer.cpp">
      <Filter>Core</Filter>
    </ClCompile>
    <ClCompile Include="Objects\GameObject.cpp">
      <Filter>Objects</Filter>
    </ClCompile>
    <ClCompile Include="Components\PhysicsComponent.cpp">
      <Filter>Components</Filter>
    </ClCompile>
    <ClCompile Include="Engine.cpp">
      <Filter>Source Files</Filter>
    </ClCompile>
    <ClCompile Include="Components\SpriteComponent.cpp">
      <Filter>Components</Filter>
    </ClCompile>
    <ClCompile Include="Core\Json.cpp">
      <Filter>Core</Filter>
    </ClCompile>
    <ClCompile Include="Core\Assert.cpp">
      <Filter>Core</Filter>
    </ClCompile>
    <ClCompile Include="Objects\ObjectFactory.cpp">
      <Filter>Objects</Filter>
    </ClCompile>
    <ClCompile Include="Objects\Scene.cpp">
      <Filter>Objects</Filter>
    </ClCompile>
    <ClCompile Include="Components\SpriteAnimationComponent.cpp">
      <Filter>Components</Filter>
    </ClCompile>
    <ClCompile Include="Physics\PhysicsSystem.cpp">
      <Filter>Physics</Filter>
    </ClCompile>
    <ClCompile Include="Components\RigidBodyComponent.cpp">
      <Filter>Components</Filter>
    </ClCompile>
    <ClCompile Include="Physics\ContactListener.cpp">
      <Filter>Physics</Filter>
    </ClCompile>
    <ClCompile Include="Audio\AudioSystem.cpp">
      <Filter>Audio</Filter>
    </ClCompile>
    <ClCompile Include="Audio\AudioChannel.cpp">
      <Filter>Audio</Filter>
    </ClCompile>
    <ClCompile Include="Audio\Sound.cpp">
      <Filter>Audio</Filter>
    </ClCompile>
    <ClCompile Include="Components\AudioComponent.cpp">
      <Filter>Components</Filter>
    </ClCompile>
  </ItemGroup>
</Project>